
Microsoft Visual Studio Solution File, Format Version 12.00
# Visual Studio Version 17
VisualStudioVersion = 17.0.31919.166
MinimumVisualStudioVersion = 10.0.40219.1
Project("{FAE04EC0-301F-11D3-BF4B-00C04F79EFBC}") = "4", "4.csproj", "{F6870C76-4E11-4130-B899-C7B4B24D6955}"
EndProject
Global
	GlobalSection(SolutionConfigurationPlatforms) = preSolution
		Debug|Any CPU = Debug|Any CPU
		Release|Any CPU = Release|Any CPU
	EndGlobalSection
	GlobalSection(ProjectConfigurationPlatforms) = postSolution
		{F6870C76-4E11-4130-B899-C7B4B24D6955}.Debug|Any CPU.ActiveCfg = Debug|Any CPU
		{F6870C76-4E11-4130-B899-C7B4B24D6955}.Debug|Any CPU.Build.0 = Debug|Any CPU
		{F6870C76-4E11-4130-B899-C7B4B24D6955}.Release|Any CPU.ActiveCfg = Release|Any CPU
		{F6870C76-4E11-4130-B899-C7B4B24D6955}.Release|Any CPU.Build.0 = Release|Any CPU
	EndGlobalSection
	GlobalSection(SolutionProperties) = preSolution
		HideSolutionNode = FALSE
	EndGlobalSection
	GlobalSection(ExtensibilityGlobals) = postSolution
		SolutionGuid = {328B4265-A94D-43CB-92B0-230C65B31C41}
	EndGlobalSection
EndGlobal
